
Microsoft Visual Studio Solution File, Format Version 12.00
# Visual Studio Version 16
VisualStudioVersion = 16.0.29905.134
MinimumVisualStudioVersion = 10.0.40219.1
Project("{FAE04EC0-301F-11D3-BF4B-00C04F79EFBC}") = "20200317_ListBox", "20200317_ListBox\20200317_ListBox.csproj", "{29B0A3AC-B4EE-460B-B491-3FEC5118213D}"
EndProject
Global
	GlobalSection(SolutionConfigurationPlatforms) = preSolution
		Debug|Any CPU = Debug|Any CPU
		Debug|x64 = Debug|x64
		Release|Any CPU = Release|Any CPU
		Release|x64 = Release|x64
	EndGlobalSection
	GlobalSection(ProjectConfigurationPlatforms) = postSolution
		{29B0A3AC-B4EE-460B-B491-3FEC5118213D}.Debug|Any CPU.ActiveCfg = Debug|Any CPU
		{29B0A3AC-B4EE-460B-B491-3FEC5118213D}.Debug|Any CPU.Build.0 = Debug|Any CPU
		{29B0A3AC-B4EE-460B-B491-3FEC5118213D}.Debug|x64.ActiveCfg = Debug|x64
		{29B0A3AC-B4EE-460B-B491-3FEC5118213D}.Debug|x64.Build.0 = Debug|x64
		{29B0A3AC-B4EE-460B-B491-3FEC5118213D}.Release|Any CPU.ActiveCfg = Release|Any CPU
		{29B0A3AC-B4EE-460B-B491-3FEC5118213D}.Release|Any CPU.Build.0 = Release|Any CPU
		{29B0A3AC-B4EE-460B-B491-3FEC5118213D}.Release|x64.ActiveCfg = Release|x64
		{29B0A3AC-B4EE-460B-B491-3FEC5118213D}.Release|x64.Build.0 = Release|x64
	EndGlobalSection
	GlobalSection(SolutionProperties) = preSolution
		HideSolutionNode = FALSE
	EndGlobalSection
	GlobalSection(ExtensibilityGlobals) = postSolution
		SolutionGuid = {CCA0F9E2-9A57-48EC-98F6-F9D72A3F3D76}
	EndGlobalSection
EndGlobal
