
Microsoft Visual Studio Solution File, Format Version 12.00
# Visual Studio Version 16
VisualStudioVersion = 16.0.29728.190
MinimumVisualStudioVersion = 10.0.40219.1
Project("{FAE04EC0-301F-11D3-BF4B-00C04F79EFBC}") = "20200203_int配列から4要素のlong配列作成", "20200203_int配列から4要素のlong配列作成\20200203_int配列から4要素のlong配列作成.csproj", "{DB4C2971-7E7F-4B13-BF9F-F8DEC17DD2DC}"
EndProject
Global
	GlobalSection(SolutionConfigurationPlatforms) = preSolution
		Debug|Any CPU = Debug|Any CPU
		Release|Any CPU = Release|Any CPU
	EndGlobalSection
	GlobalSection(ProjectConfigurationPlatforms) = postSolution
		{DB4C2971-7E7F-4B13-BF9F-F8DEC17DD2DC}.Debug|Any CPU.ActiveCfg = Debug|Any CPU
		{DB4C2971-7E7F-4B13-BF9F-F8DEC17DD2DC}.Debug|Any CPU.Build.0 = Debug|Any CPU
		{DB4C2971-7E7F-4B13-BF9F-F8DEC17DD2DC}.Release|Any CPU.ActiveCfg = Release|Any CPU
		{DB4C2971-7E7F-4B13-BF9F-F8DEC17DD2DC}.Release|Any CPU.Build.0 = Release|Any CPU
	EndGlobalSection
	GlobalSection(SolutionProperties) = preSolution
		HideSolutionNode = FALSE
	EndGlobalSection
	GlobalSection(ExtensibilityGlobals) = postSolution
		SolutionGuid = {2AB8E6ED-E74C-42B4-812B-0E2595026DF4}
	EndGlobalSection
EndGlobal
