
Microsoft Visual Studio Solution File, Format Version 12.00
# Visual Studio Version 16
VisualStudioVersion = 16.0.29728.190
MinimumVisualStudioVersion = 10.0.40219.1
Project("{FAE04EC0-301F-11D3-BF4B-00C04F79EFBC}") = "20200202_配列の値の合計", "20200202_配列の値の合計\20200202_配列の値の合計.csproj", "{B1E9621F-4160-4C3A-8988-D95514215D5A}"
EndProject
Global
	GlobalSection(SolutionConfigurationPlatforms) = preSolution
		Debug|Any CPU = Debug|Any CPU
		Release|Any CPU = Release|Any CPU
	EndGlobalSection
	GlobalSection(ProjectConfigurationPlatforms) = postSolution
		{B1E9621F-4160-4C3A-8988-D95514215D5A}.Debug|Any CPU.ActiveCfg = Debug|Any CPU
		{B1E9621F-4160-4C3A-8988-D95514215D5A}.Debug|Any CPU.Build.0 = Debug|Any CPU
		{B1E9621F-4160-4C3A-8988-D95514215D5A}.Release|Any CPU.ActiveCfg = Release|Any CPU
		{B1E9621F-4160-4C3A-8988-D95514215D5A}.Release|Any CPU.Build.0 = Release|Any CPU
	EndGlobalSection
	GlobalSection(SolutionProperties) = preSolution
		HideSolutionNode = FALSE
	EndGlobalSection
	GlobalSection(ExtensibilityGlobals) = postSolution
		SolutionGuid = {CDA13BA6-07DA-4F40-978C-6BC591EAC48B}
	EndGlobalSection
EndGlobal
