
Microsoft Visual Studio Solution File, Format Version 12.00
# Visual Studio Version 16
VisualStudioVersion = 16.0.30621.155
MinimumVisualStudioVersion = 10.0.40219.1
Project("{FAE04EC0-301F-11D3-BF4B-00C04F79EFBC}") = "20201104_アプリの設定保存、文字列リスト", "20201104_アプリの設定保存、文字列リスト\20201104_アプリの設定保存、文字列リスト.csproj", "{4706B17E-477C-44A5-8B10-A09EA31B35FC}"
EndProject
Global
	GlobalSection(SolutionConfigurationPlatforms) = preSolution
		Debug|Any CPU = Debug|Any CPU
		Release|Any CPU = Release|Any CPU
	EndGlobalSection
	GlobalSection(ProjectConfigurationPlatforms) = postSolution
		{4706B17E-477C-44A5-8B10-A09EA31B35FC}.Debug|Any CPU.ActiveCfg = Debug|Any CPU
		{4706B17E-477C-44A5-8B10-A09EA31B35FC}.Debug|Any CPU.Build.0 = Debug|Any CPU
		{4706B17E-477C-44A5-8B10-A09EA31B35FC}.Release|Any CPU.ActiveCfg = Release|Any CPU
		{4706B17E-477C-44A5-8B10-A09EA31B35FC}.Release|Any CPU.Build.0 = Release|Any CPU
	EndGlobalSection
	GlobalSection(SolutionProperties) = preSolution
		HideSolutionNode = FALSE
	EndGlobalSection
	GlobalSection(ExtensibilityGlobals) = postSolution
		SolutionGuid = {63C6FB0D-0E89-4879-9BCD-AF42516835BC}
	EndGlobalSection
EndGlobal
