
Microsoft Visual Studio Solution File, Format Version 12.00
# Visual Studio Version 16
VisualStudioVersion = 16.0.30709.132
MinimumVisualStudioVersion = 10.0.40219.1
Project("{FAE04EC0-301F-11D3-BF4B-00C04F79EFBC}") = "20201112_dotNET5Test", "20201112_dotNET5Test\20201112_dotNET5Test.csproj", "{0BFD19FC-C3FF-4B0F-A814-4A1B3E783963}"
EndProject
Global
	GlobalSection(SolutionConfigurationPlatforms) = preSolution
		Debug|Any CPU = Debug|Any CPU
		Release|Any CPU = Release|Any CPU
	EndGlobalSection
	GlobalSection(ProjectConfigurationPlatforms) = postSolution
		{0BFD19FC-C3FF-4B0F-A814-4A1B3E783963}.Debug|Any CPU.ActiveCfg = Debug|Any CPU
		{0BFD19FC-C3FF-4B0F-A814-4A1B3E783963}.Debug|Any CPU.Build.0 = Debug|Any CPU
		{0BFD19FC-C3FF-4B0F-A814-4A1B3E783963}.Release|Any CPU.ActiveCfg = Release|Any CPU
		{0BFD19FC-C3FF-4B0F-A814-4A1B3E783963}.Release|Any CPU.Build.0 = Release|Any CPU
	EndGlobalSection
	GlobalSection(SolutionProperties) = preSolution
		HideSolutionNode = FALSE
	EndGlobalSection
	GlobalSection(ExtensibilityGlobals) = postSolution
		SolutionGuid = {70358CBA-7DDC-4CF3-B1A9-5DEF00E43CA8}
	EndGlobalSection
EndGlobal
