
Microsoft Visual Studio Solution File, Format Version 12.00
# Visual Studio Version 16
VisualStudioVersion = 16.0.30011.22
MinimumVisualStudioVersion = 10.0.40219.1
Project("{FAE04EC0-301F-11D3-BF4B-00C04F79EFBC}") = "20200421_局所平均しきい値で2値化", "20200421_局所平均しきい値で2値化\20200421_局所平均しきい値で2値化.csproj", "{CFA621A3-99E4-49BD-B1FF-339A0ED9D7A0}"
EndProject
Global
	GlobalSection(SolutionConfigurationPlatforms) = preSolution
		Debug|Any CPU = Debug|Any CPU
		Debug|x64 = Debug|x64
		Release|Any CPU = Release|Any CPU
		Release|x64 = Release|x64
	EndGlobalSection
	GlobalSection(ProjectConfigurationPlatforms) = postSolution
		{CFA621A3-99E4-49BD-B1FF-339A0ED9D7A0}.Debug|Any CPU.ActiveCfg = Debug|Any CPU
		{CFA621A3-99E4-49BD-B1FF-339A0ED9D7A0}.Debug|Any CPU.Build.0 = Debug|Any CPU
		{CFA621A3-99E4-49BD-B1FF-339A0ED9D7A0}.Debug|x64.ActiveCfg = Debug|x64
		{CFA621A3-99E4-49BD-B1FF-339A0ED9D7A0}.Debug|x64.Build.0 = Debug|x64
		{CFA621A3-99E4-49BD-B1FF-339A0ED9D7A0}.Release|Any CPU.ActiveCfg = Release|Any CPU
		{CFA621A3-99E4-49BD-B1FF-339A0ED9D7A0}.Release|Any CPU.Build.0 = Release|Any CPU
		{CFA621A3-99E4-49BD-B1FF-339A0ED9D7A0}.Release|x64.ActiveCfg = Release|x64
		{CFA621A3-99E4-49BD-B1FF-339A0ED9D7A0}.Release|x64.Build.0 = Release|x64
	EndGlobalSection
	GlobalSection(SolutionProperties) = preSolution
		HideSolutionNode = FALSE
	EndGlobalSection
	GlobalSection(ExtensibilityGlobals) = postSolution
		SolutionGuid = {5FCDB65A-CA08-40A6-AAE0-AB2202817739}
	EndGlobalSection
EndGlobal
