
Microsoft Visual Studio Solution File, Format Version 12.00
# Visual Studio Version 16
VisualStudioVersion = 16.0.30717.126
MinimumVisualStudioVersion = 10.0.40219.1
Project("{FAE04EC0-301F-11D3-BF4B-00C04F79EFBC}") = "Pixcren", "Pixcren\Pixcren.csproj", "{6CB9300A-4DDB-4B00-A084-FE13C9279398}"
EndProject
Global
	GlobalSection(SolutionConfigurationPlatforms) = preSolution
		Debug|Any CPU = Debug|Any CPU
		Release|Any CPU = Release|Any CPU
	EndGlobalSection
	GlobalSection(ProjectConfigurationPlatforms) = postSolution
		{6CB9300A-4DDB-4B00-A084-FE13C9279398}.Debug|Any CPU.ActiveCfg = Debug|Any CPU
		{6CB9300A-4DDB-4B00-A084-FE13C9279398}.Debug|Any CPU.Build.0 = Debug|Any CPU
		{6CB9300A-4DDB-4B00-A084-FE13C9279398}.Release|Any CPU.ActiveCfg = Release|Any CPU
		{6CB9300A-4DDB-4B00-A084-FE13C9279398}.Release|Any CPU.Build.0 = Release|Any CPU
	EndGlobalSection
	GlobalSection(SolutionProperties) = preSolution
		HideSolutionNode = FALSE
	EndGlobalSection
	GlobalSection(ExtensibilityGlobals) = postSolution
		SolutionGuid = {B66774DF-CB37-4277-AA86-ECE97FFF03AF}
	EndGlobalSection
EndGlobal
