
Microsoft Visual Studio Solution File, Format Version 12.00
# Visual Studio Version 16
VisualStudioVersion = 16.0.30711.63
MinimumVisualStudioVersion = 10.0.40219.1
Project("{FAE04EC0-301F-11D3-BF4B-00C04F79EFBC}") = "20201119_マウスカーソル描画", "20201119_マウスカーソル描画\20201119_マウスカーソル描画.csproj", "{809B85E6-A952-4A94-8F6E-75C53A9D81CA}"
EndProject
Global
	GlobalSection(SolutionConfigurationPlatforms) = preSolution
		Debug|Any CPU = Debug|Any CPU
		Release|Any CPU = Release|Any CPU
	EndGlobalSection
	GlobalSection(ProjectConfigurationPlatforms) = postSolution
		{809B85E6-A952-4A94-8F6E-75C53A9D81CA}.Debug|Any CPU.ActiveCfg = Debug|Any CPU
		{809B85E6-A952-4A94-8F6E-75C53A9D81CA}.Debug|Any CPU.Build.0 = Debug|Any CPU
		{809B85E6-A952-4A94-8F6E-75C53A9D81CA}.Release|Any CPU.ActiveCfg = Release|Any CPU
		{809B85E6-A952-4A94-8F6E-75C53A9D81CA}.Release|Any CPU.Build.0 = Release|Any CPU
	EndGlobalSection
	GlobalSection(SolutionProperties) = preSolution
		HideSolutionNode = FALSE
	EndGlobalSection
	GlobalSection(ExtensibilityGlobals) = postSolution
		SolutionGuid = {5DFB1F1D-480B-4F90-BC9B-0EA782066A9A}
	EndGlobalSection
EndGlobal
