
Microsoft Visual Studio Solution File, Format Version 12.00
# Visual Studio Version 16
VisualStudioVersion = 16.0.29728.190
MinimumVisualStudioVersion = 10.0.40219.1
Project("{FAE04EC0-301F-11D3-BF4B-00C04F79EFBC}") = "20200207_int配列の値の合計マルチスレッド", "20200207_int配列の値の合計マルチスレッド\20200207_int配列の値の合計マルチスレッド.csproj", "{59FE0FE1-3C3D-4801-8093-EA772752A3DD}"
EndProject
Global
	GlobalSection(SolutionConfigurationPlatforms) = preSolution
		Debug|Any CPU = Debug|Any CPU
		Debug|x64 = Debug|x64
		Release|Any CPU = Release|Any CPU
		Release|x64 = Release|x64
	EndGlobalSection
	GlobalSection(ProjectConfigurationPlatforms) = postSolution
		{59FE0FE1-3C3D-4801-8093-EA772752A3DD}.Debug|Any CPU.ActiveCfg = Debug|Any CPU
		{59FE0FE1-3C3D-4801-8093-EA772752A3DD}.Debug|Any CPU.Build.0 = Debug|Any CPU
		{59FE0FE1-3C3D-4801-8093-EA772752A3DD}.Debug|x64.ActiveCfg = Debug|x64
		{59FE0FE1-3C3D-4801-8093-EA772752A3DD}.Debug|x64.Build.0 = Debug|x64
		{59FE0FE1-3C3D-4801-8093-EA772752A3DD}.Release|Any CPU.ActiveCfg = Release|Any CPU
		{59FE0FE1-3C3D-4801-8093-EA772752A3DD}.Release|Any CPU.Build.0 = Release|Any CPU
		{59FE0FE1-3C3D-4801-8093-EA772752A3DD}.Release|x64.ActiveCfg = Release|x64
		{59FE0FE1-3C3D-4801-8093-EA772752A3DD}.Release|x64.Build.0 = Release|x64
	EndGlobalSection
	GlobalSection(SolutionProperties) = preSolution
		HideSolutionNode = FALSE
	EndGlobalSection
	GlobalSection(ExtensibilityGlobals) = postSolution
		SolutionGuid = {62F76D40-9CF0-427D-B290-248F0A45418E}
	EndGlobalSection
EndGlobal
