
Microsoft Visual Studio Solution File, Format Version 12.00
# Visual Studio Version 16
VisualStudioVersion = 16.0.29926.136
MinimumVisualStudioVersion = 10.0.40219.1
Project("{9A19103F-16F7-4668-BE54-9A1E7A4F7556}") = "20200402_誤差拡散2値", "20200402_誤差拡散2値\20200402_誤差拡散2値.csproj", "{58D21D1E-F45F-4124-853B-AF5ECDC5CFCD}"
EndProject
Global
	GlobalSection(SolutionConfigurationPlatforms) = preSolution
		Debug|Any CPU = Debug|Any CPU
		Debug|x64 = Debug|x64
		Release|Any CPU = Release|Any CPU
		Release|x64 = Release|x64
	EndGlobalSection
	GlobalSection(ProjectConfigurationPlatforms) = postSolution
		{58D21D1E-F45F-4124-853B-AF5ECDC5CFCD}.Debug|Any CPU.ActiveCfg = Debug|Any CPU
		{58D21D1E-F45F-4124-853B-AF5ECDC5CFCD}.Debug|Any CPU.Build.0 = Debug|Any CPU
		{58D21D1E-F45F-4124-853B-AF5ECDC5CFCD}.Debug|x64.ActiveCfg = Debug|x64
		{58D21D1E-F45F-4124-853B-AF5ECDC5CFCD}.Debug|x64.Build.0 = Debug|x64
		{58D21D1E-F45F-4124-853B-AF5ECDC5CFCD}.Release|Any CPU.ActiveCfg = Release|Any CPU
		{58D21D1E-F45F-4124-853B-AF5ECDC5CFCD}.Release|Any CPU.Build.0 = Release|Any CPU
		{58D21D1E-F45F-4124-853B-AF5ECDC5CFCD}.Release|x64.ActiveCfg = Release|x64
		{58D21D1E-F45F-4124-853B-AF5ECDC5CFCD}.Release|x64.Build.0 = Release|x64
	EndGlobalSection
	GlobalSection(SolutionProperties) = preSolution
		HideSolutionNode = FALSE
	EndGlobalSection
	GlobalSection(ExtensibilityGlobals) = postSolution
		SolutionGuid = {C7E2DC4D-7809-4A51-8221-40FF61B29E35}
	EndGlobalSection
EndGlobal
