
Microsoft Visual Studio Solution File, Format Version 12.00
# Visual Studio Version 16
VisualStudioVersion = 16.0.29926.136
MinimumVisualStudioVersion = 10.0.40219.1
Project("{FAE04EC0-301F-11D3-BF4B-00C04F79EFBC}") = "20200402_誤差拡散2値", "20200402_誤差拡散2値\20200402_誤差拡散2値.csproj", "{58D21D1E-F45F-4124-853B-AF5ECDC5CFCD}"
EndProject
Global
	GlobalSection(SolutionConfigurationPlatforms) = preSolution
		Debug|Any CPU = Debug|Any CPU
		Release|Any CPU = Release|Any CPU
	EndGlobalSection
	GlobalSection(ProjectConfigurationPlatforms) = postSolution
		{58D21D1E-F45F-4124-853B-AF5ECDC5CFCD}.Debug|Any CPU.ActiveCfg = Debug|Any CPU
		{58D21D1E-F45F-4124-853B-AF5ECDC5CFCD}.Debug|Any CPU.Build.0 = Debug|Any CPU
		{58D21D1E-F45F-4124-853B-AF5ECDC5CFCD}.Release|Any CPU.ActiveCfg = Release|Any CPU
		{58D21D1E-F45F-4124-853B-AF5ECDC5CFCD}.Release|Any CPU.Build.0 = Release|Any CPU
	EndGlobalSection
	GlobalSection(SolutionProperties) = preSolution
		HideSolutionNode = FALSE
	EndGlobalSection
	GlobalSection(ExtensibilityGlobals) = postSolution
		SolutionGuid = {C7E2DC4D-7809-4A51-8221-40FF61B29E35}
	EndGlobalSection
EndGlobal
