
Microsoft Visual Studio Solution File, Format Version 12.00
# Visual Studio Version 16
VisualStudioVersion = 16.0.29728.190
MinimumVisualStudioVersion = 10.0.40219.1
Project("{FAE04EC0-301F-11D3-BF4B-00C04F79EFBC}") = "20200131_減色とデザインパターン", "20200131_減色とデザインパターン\20200131_減色とデザインパターン.csproj", "{BBB41BDC-F65B-488C-B820-D7B93EB186D5}"
EndProject
Global
	GlobalSection(SolutionConfigurationPlatforms) = preSolution
		Debug|Any CPU = Debug|Any CPU
		Release|Any CPU = Release|Any CPU
	EndGlobalSection
	GlobalSection(ProjectConfigurationPlatforms) = postSolution
		{BBB41BDC-F65B-488C-B820-D7B93EB186D5}.Debug|Any CPU.ActiveCfg = Debug|Any CPU
		{BBB41BDC-F65B-488C-B820-D7B93EB186D5}.Debug|Any CPU.Build.0 = Debug|Any CPU
		{BBB41BDC-F65B-488C-B820-D7B93EB186D5}.Release|Any CPU.ActiveCfg = Release|Any CPU
		{BBB41BDC-F65B-488C-B820-D7B93EB186D5}.Release|Any CPU.Build.0 = Release|Any CPU
	EndGlobalSection
	GlobalSection(SolutionProperties) = preSolution
		HideSolutionNode = FALSE
	EndGlobalSection
	GlobalSection(ExtensibilityGlobals) = postSolution
		SolutionGuid = {E964210F-067F-40E5-B482-3E41558FDADE}
	EndGlobalSection
EndGlobal
